
Microsoft Visual Studio Solution File, Format Version 12.00
# Visual Studio Version 16
VisualStudioVersion = 16.0.32802.440
MinimumVisualStudioVersion = 10.0.40219.1
Project("{FAE04EC0-301F-11D3-BF4B-00C04F79EFBC}") = "KWTroubleshooter", "KWTroubleshooter\KWTroubleshooter.csproj", "{8F476F71-2134-485B-A341-F30F5CEEEADF}"
EndProject
Global
	GlobalSection(SolutionConfigurationPlatforms) = preSolution
		Debug|Any CPU = Debug|Any CPU
		Release|Any CPU = Release|Any CPU
	EndGlobalSection
	GlobalSection(ProjectConfigurationPlatforms) = postSolution
		{8F476F71-2134-485B-A341-F30F5CEEEADF}.Debug|Any CPU.ActiveCfg = Debug|Any CPU
		{8F476F71-2134-485B-A341-F30F5CEEEADF}.Debug|Any CPU.Build.0 = Debug|Any CPU
		{8F476F71-2134-485B-A341-F30F5CEEEADF}.Release|Any CPU.ActiveCfg = Release|Any CPU
		{8F476F71-2134-485B-A341-F30F5CEEEADF}.Release|Any CPU.Build.0 = Release|Any CPU
	EndGlobalSection
	GlobalSection(SolutionProperties) = preSolution
		HideSolutionNode = FALSE
	EndGlobalSection
	GlobalSection(ExtensibilityGlobals) = postSolution
		SolutionGuid = {F7C043AE-8556-4796-912D-4674DB001296}
	EndGlobalSection
EndGlobal
